
Microsoft Visual Studio Solution File, Format Version 12.00
# Visual Studio Version 16
VisualStudioVersion = 16.0.31112.23
MinimumVisualStudioVersion = 10.0.40219.1
Project("{FAE04EC0-301F-11D3-BF4B-00C04F79EFBC}") = "curd", "curd\curd.csproj", "{37565678-9E55-446A-BA81-73E8D8CD37EA}"
EndProject
Global
	GlobalSection(SolutionConfigurationPlatforms) = preSolution
		Debug|Any CPU = Debug|Any CPU
		Release|Any CPU = Release|Any CPU
	EndGlobalSection
	GlobalSection(ProjectConfigurationPlatforms) = postSolution
		{37565678-9E55-446A-BA81-73E8D8CD37EA}.Debug|Any CPU.ActiveCfg = Debug|Any CPU
		{37565678-9E55-446A-BA81-73E8D8CD37EA}.Debug|Any CPU.Build.0 = Debug|Any CPU
		{37565678-9E55-446A-BA81-73E8D8CD37EA}.Release|Any CPU.ActiveCfg = Release|Any CPU
		{37565678-9E55-446A-BA81-73E8D8CD37EA}.Release|Any CPU.Build.0 = Release|Any CPU
	EndGlobalSection
	GlobalSection(SolutionProperties) = preSolution
		HideSolutionNode = FALSE
	EndGlobalSection
	GlobalSection(ExtensibilityGlobals) = postSolution
		SolutionGuid = {82017E5D-0850-4D77-BBB5-A012B116867B}
	EndGlobalSection
EndGlobal
